
Microsoft Visual Studio Solution File, Format Version 12.00
# Visual Studio Version 16
VisualStudioVersion = 16.0.29102.190
MinimumVisualStudioVersion = 10.0.40219.1
Project("{E53339B2-1760-4266-BCC7-CA923CBCF16C}") = "docker-compose", "docker-compose.dcproj", "{7F1E5B44-C244-4E72-A664-D106FA5E21A5}"
EndProject
Project("{9A19103F-16F7-4668-BE54-9A1E7A4F7556}") = "VideoApi.Data.MongoDb", "VideoApi.Data.MongoDb\VideoApi.Data.MongoDb.csproj", "{CD3FAAB4-C539-4942-B5F9-0DFC087381F5}"
EndProject
Project("{9A19103F-16F7-4668-BE54-9A1E7A4F7556}") = "VideoApi.Web", "VideoApi.Web\VideoApi.Web.csproj", "{DFD09157-7440-4B37-83CC-92AFF7D6819E}"
EndProject
Project("{9A19103F-16F7-4668-BE54-9A1E7A4F7556}") = "VideoApi.Data", "VideoApi.Data\VideoApi.Data.csproj", "{49666905-0CBE-4A97-8C2F-339F2A58FE27}"
EndProject
Project("{9A19103F-16F7-4668-BE54-9A1E7A4F7556}") = "VideoApi.Common", "VideoApi.Common\VideoApi.Common.csproj", "{5F383732-E9A1-4283-A28C-C519B007E193}"
EndProject
Project("{FAE04EC0-301F-11D3-BF4B-00C04F79EFBC}") = "VideoApi.UnitTests", "VideoApi.UnitTests\VideoApi.UnitTests.csproj", "{2A8ED9B6-B0E3-44C0-9174-9524691F321D}"
EndProject
Global
	GlobalSection(SolutionConfigurationPlatforms) = preSolution
		Debug|Any CPU = Debug|Any CPU
		Release|Any CPU = Release|Any CPU
	EndGlobalSection
	GlobalSection(ProjectConfigurationPlatforms) = postSolution
		{7F1E5B44-C244-4E72-A664-D106FA5E21A5}.Debug|Any CPU.ActiveCfg = Debug|Any CPU
		{7F1E5B44-C244-4E72-A664-D106FA5E21A5}.Debug|Any CPU.Build.0 = Debug|Any CPU
		{7F1E5B44-C244-4E72-A664-D106FA5E21A5}.Release|Any CPU.ActiveCfg = Release|Any CPU
		{7F1E5B44-C244-4E72-A664-D106FA5E21A5}.Release|Any CPU.Build.0 = Release|Any CPU
		{CD3FAAB4-C539-4942-B5F9-0DFC087381F5}.Debug|Any CPU.ActiveCfg = Debug|Any CPU
		{CD3FAAB4-C539-4942-B5F9-0DFC087381F5}.Debug|Any CPU.Build.0 = Debug|Any CPU
		{CD3FAAB4-C539-4942-B5F9-0DFC087381F5}.Release|Any CPU.ActiveCfg = Release|Any CPU
		{CD3FAAB4-C539-4942-B5F9-0DFC087381F5}.Release|Any CPU.Build.0 = Release|Any CPU
		{DFD09157-7440-4B37-83CC-92AFF7D6819E}.Debug|Any CPU.ActiveCfg = Debug|Any CPU
		{DFD09157-7440-4B37-83CC-92AFF7D6819E}.Debug|Any CPU.Build.0 = Debug|Any CPU
		{DFD09157-7440-4B37-83CC-92AFF7D6819E}.Release|Any CPU.ActiveCfg = Release|Any CPU
		{DFD09157-7440-4B37-83CC-92AFF7D6819E}.Release|Any CPU.Build.0 = Release|Any CPU
		{49666905-0CBE-4A97-8C2F-339F2A58FE27}.Debug|Any CPU.ActiveCfg = Debug|Any CPU
		{49666905-0CBE-4A97-8C2F-339F2A58FE27}.Debug|Any CPU.Build.0 = Debug|Any CPU
		{49666905-0CBE-4A97-8C2F-339F2A58FE27}.Release|Any CPU.ActiveCfg = Release|Any CPU
		{49666905-0CBE-4A97-8C2F-339F2A58FE27}.Release|Any CPU.Build.0 = Release|Any CPU
		{5F383732-E9A1-4283-A28C-C519B007E193}.Debug|Any CPU.ActiveCfg = Debug|Any CPU
		{5F383732-E9A1-4283-A28C-C519B007E193}.Debug|Any CPU.Build.0 = Debug|Any CPU
		{5F383732-E9A1-4283-A28C-C519B007E193}.Release|Any CPU.ActiveCfg = Release|Any CPU
		{5F383732-E9A1-4283-A28C-C519B007E193}.Release|Any CPU.Build.0 = Release|Any CPU
		{2A8ED9B6-B0E3-44C0-9174-9524691F321D}.Debug|Any CPU.ActiveCfg = Debug|Any CPU
		{2A8ED9B6-B0E3-44C0-9174-9524691F321D}.Debug|Any CPU.Build.0 = Debug|Any CPU
		{2A8ED9B6-B0E3-44C0-9174-9524691F321D}.Release|Any CPU.ActiveCfg = Release|Any CPU
		{2A8ED9B6-B0E3-44C0-9174-9524691F321D}.Release|Any CPU.Build.0 = Release|Any CPU
	EndGlobalSection
	GlobalSection(SolutionProperties) = preSolution
		HideSolutionNode = FALSE
	EndGlobalSection
	GlobalSection(ExtensibilityGlobals) = postSolution
		SolutionGuid = {EDD48B77-C48A-4296-9929-33AF9264836D}
	EndGlobalSection
EndGlobal
